// !$*UTF8*$!
{
	archiveVersion = 1;
	classes = {
	};
	objectVersion = 50;
	objects = {

/* Begin PBXBuildFile section */
		8E554E6E233B29C7004C8170 /* ViewControllerCoreDataHelper.swift in Sources */ = {isa = PBXBuildFile; fileRef = 8E554E6D233B29C7004C8170 /* ViewControllerCoreDataHelper.swift */; };
		8E5D5D032368BE97004DCD90 /* DiaryImagePreviewViewController.swift in Sources */ = {isa = PBXBuildFile; fileRef = 8E5D5D012368BE97004DCD90 /* DiaryImagePreviewViewController.swift */; };
		8E5D5D042368BE97004DCD90 /* DiaryImagePreviewViewController.xib in Resources */ = {isa = PBXBuildFile; fileRef = 8E5D5D022368BE97004DCD90 /* DiaryImagePreviewViewController.xib */; };
		8E7CB6A723281F1F00384D41 /* AppDelegate.swift in Sources */ = {isa = PBXBuildFile; fileRef = 8E7CB6A623281F1F00384D41 /* AppDelegate.swift */; };
		8E7CB6A923281F1F00384D41 /* ViewController.swift in Sources */ = {isa = PBXBuildFile; fileRef = 8E7CB6A823281F1F00384D41 /* ViewController.swift */; };
		8E7CB6AC23281F1F00384D41 /* Main.storyboard in Resources */ = {isa = PBXBuildFile; fileRef = 8E7CB6AA23281F1F00384D41 /* Main.storyboard */; };
		8E7CB6AE23281F2200384D41 /* Assets.xcassets in Resources */ = {isa = PBXBuildFile; fileRef = 8E7CB6AD23281F2200384D41 /* Assets.xcassets */; };
		8E7CB6B123281F2200384D41 /* LaunchScreen.storyboard in Resources */ = {isa = PBXBuildFile; fileRef = 8E7CB6AF23281F2200384D41 /* LaunchScreen.storyboard */; };
		8E97CAF22336A9CC00458968 /* DiaryListTableView.swift in Sources */ = {isa = PBXBuildFile; fileRef = 8E97CAF12336A9CC00458968 /* DiaryListTableView.swift */; };
		8E97CAF723375A2700458968 /* Photo+CoreDataClass.swift in Sources */ = {isa = PBXBuildFile; fileRef = 8E97CAF323375A2700458968 /* Photo+CoreDataClass.swift */; };
		8E97CAF823375A2700458968 /* Photo+CoreDataProperties.swift in Sources */ = {isa = PBXBuildFile; fileRef = 8E97CAF423375A2700458968 /* Photo+CoreDataProperties.swift */; };
		8E97CAF923375A2700458968 /* Diary+CoreDataClass.swift in Sources */ = {isa = PBXBuildFile; fileRef = 8E97CAF523375A2700458968 /* Diary+CoreDataClass.swift */; };
		8E97CAFA23375A2700458968 /* Diary+CoreDataProperties.swift in Sources */ = {isa = PBXBuildFile; fileRef = 8E97CAF623375A2700458968 /* Diary+CoreDataProperties.swift */; };
		8E97CAFC2337726C00458968 /* DiaryDetailViewController.swift in Sources */ = {isa = PBXBuildFile; fileRef = 8E97CAFB2337726C00458968 /* DiaryDetailViewController.swift */; };
		8E97CAFF23379AE600458968 /* DiaryUpdateViewController.swift in Sources */ = {isa = PBXBuildFile; fileRef = 8E97CAFE23379AE600458968 /* DiaryUpdateViewController.swift */; };
		8E97CB012337D07F00458968 /* DiaryDetailViewController.xib in Resources */ = {isa = PBXBuildFile; fileRef = 8E97CB002337D07F00458968 /* DiaryDetailViewController.xib */; };
		8E9994842338E49F0022E28C /* DiaryUpdateBarButtonItemConfigurer.swift in Sources */ = {isa = PBXBuildFile; fileRef = 8E9994832338E49F0022E28C /* DiaryUpdateBarButtonItemConfigurer.swift */; };
		8E9994872339505F0022E28C /* FetchedResultsControllerUtilities.swift in Sources */ = {isa = PBXBuildFile; fileRef = 8E9994862339505F0022E28C /* FetchedResultsControllerUtilities.swift */; };
		8E9A122B2328219E00947B33 /* Diary.xcdatamodeld in Sources */ = {isa = PBXBuildFile; fileRef = 8E9A12292328219E00947B33 /* Diary.xcdatamodeld */; };
		8ED3E5FD236B5C5F003D495E /* DiaryImageListViewController.swift in Sources */ = {isa = PBXBuildFile; fileRef = 8ED3E5FC236B5C5F003D495E /* DiaryImageListViewController.swift */; };
		8ED3E5FF236B5D5F003D495E /* DiaryImageListTableView.swift in Sources */ = {isa = PBXBuildFile; fileRef = 8ED3E5FE236B5D5F003D495E /* DiaryImageListTableView.swift */; };
		8ED3E602236C0681003D495E /* DiaryImageListTableViewCell.swift in Sources */ = {isa = PBXBuildFile; fileRef = 8ED3E600236C0681003D495E /* DiaryImageListTableViewCell.swift */; };
		8ED3E605236C124F003D495E /* DiaryImageListViewModel.swift in Sources */ = {isa = PBXBuildFile; fileRef = 8ED3E604236C124F003D495E /* DiaryImageListViewModel.swift */; };
		8ED3E607236C1419003D495E /* ImageDetailDisplayable.swift in Sources */ = {isa = PBXBuildFile; fileRef = 8ED3E606236C1419003D495E /* ImageDetailDisplayable.swift */; };
		8EDD2C2F23366E4400EB4738 /* CoreDataError.swift in Sources */ = {isa = PBXBuildFile; fileRef = 8EDD2C2E23366E4400EB4738 /* CoreDataError.swift */; };
		8EDD2C3523369E2200EB4738 /* DiaryListTableViewCell.swift in Sources */ = {isa = PBXBuildFile; fileRef = 8EDD2C3323369E2200EB4738 /* DiaryListTableViewCell.swift */; };
		8EDD2C3623369E2200EB4738 /* DiaryListTableViewCell.xib in Resources */ = {isa = PBXBuildFile; fileRef = 8EDD2C3423369E2200EB4738 /* DiaryListTableViewCell.xib */; };
/* End PBXBuildFile section */

/* Begin PBXFileReference section */
		8E554E6D233B29C7004C8170 /* ViewControllerCoreDataHelper.swift */ = {isa = PBXFileReference; lastKnownFileType = sourcecode.swift; path = ViewControllerCoreDataHelper.swift; sourceTree = "<group>"; };
		8E5D5D012368BE97004DCD90 /* DiaryImagePreviewViewController.swift */ = {isa = PBXFileReference; lastKnownFileType = sourcecode.swift; path = DiaryImagePreviewViewController.swift; sourceTree = "<group>"; };
		8E5D5D022368BE97004DCD90 /* DiaryImagePreviewViewController.xib */ = {isa = PBXFileReference; lastKnownFileType = file.xib; path = DiaryImagePreviewViewController.xib; sourceTree = "<group>"; };
		8E7CB6A323281F1F00384D41 /* Diary.app */ = {isa = PBXFileReference; explicitFileType = wrapper.application; includeInIndex = 0; path = Diary.app; sourceTree = BUILT_PRODUCTS_DIR; };
		8E7CB6A623281F1F00384D41 /* AppDelegate.swift */ = {isa = PBXFileReference; lastKnownFileType = sourcecode.swift; path = AppDelegate.swift; sourceTree = "<group>"; };
		8E7CB6A823281F1F00384D41 /* ViewController.swift */ = {isa = PBXFileReference; lastKnownFileType = sourcecode.swift; path = ViewController.swift; sourceTree = "<group>"; };
		8E7CB6AB23281F1F00384D41 /* Base */ = {isa = PBXFileReference; lastKnownFileType = file.storyboard; name = Base; path = Base.lproj/Main.storyboard; sourceTree = "<group>"; };
		8E7CB6AD23281F2200384D41 /* Assets.xcassets */ = {isa = PBXFileReference; lastKnownFileType = folder.assetcatalog; path = Assets.xcassets; sourceTree = "<group>"; };
		8E7CB6B023281F2200384D41 /* Base */ = {isa = PBXFileReference; lastKnownFileType = file.storyboard; name = Base; path = Base.lproj/LaunchScreen.storyboard; sourceTree = "<group>"; };
		8E7CB6B223281F2200384D41 /* Info.plist */ = {isa = PBXFileReference; lastKnownFileType = text.plist.xml; path = Info.plist; sourceTree = "<group>"; };
		8E97CAF12336A9CC00458968 /* DiaryListTableView.swift */ = {isa = PBXFileReference; lastKnownFileType = sourcecode.swift; path = DiaryListTableView.swift; sourceTree = "<group>"; };
		8E97CAF323375A2700458968 /* Photo+CoreDataClass.swift */ = {isa = PBXFileReference; lastKnownFileType = sourcecode.swift; path = "Photo+CoreDataClass.swift"; sourceTree = "<group>"; };
		8E97CAF423375A2700458968 /* Photo+CoreDataProperties.swift */ = {isa = PBXFileReference; lastKnownFileType = sourcecode.swift; path = "Photo+CoreDataProperties.swift"; sourceTree = "<group>"; };
		8E97CAF523375A2700458968 /* Diary+CoreDataClass.swift */ = {isa = PBXFileReference; lastKnownFileType = sourcecode.swift; path = "Diary+CoreDataClass.swift"; sourceTree = "<group>"; };
		8E97CAF623375A2700458968 /* Diary+CoreDataProperties.swift */ = {isa = PBXFileReference; lastKnownFileType = sourcecode.swift; path = "Diary+CoreDataProperties.swift"; sourceTree = "<group>"; };
		8E97CAFB2337726C00458968 /* DiaryDetailViewController.swift */ = {isa = PBXFileReference; lastKnownFileType = sourcecode.swift; path = DiaryDetailViewController.swift; sourceTree = "<group>"; };
		8E97CAFE23379AE600458968 /* DiaryUpdateViewController.swift */ = {isa = PBXFileReference; lastKnownFileType = sourcecode.swift; path = DiaryUpdateViewController.swift; sourceTree = "<group>"; };
		8E97CB002337D07F00458968 /* DiaryDetailViewController.xib */ = {isa = PBXFileReference; lastKnownFileType = file.xib; path = DiaryDetailViewController.xib; sourceTree = "<group>"; };
		8E9994832338E49F0022E28C /* DiaryUpdateBarButtonItemConfigurer.swift */ = {isa = PBXFileReference; lastKnownFileType = sourcecode.swift; path = DiaryUpdateBarButtonItemConfigurer.swift; sourceTree = "<group>"; };
		8E9994862339505F0022E28C /* FetchedResultsControllerUtilities.swift */ = {isa = PBXFileReference; lastKnownFileType = sourcecode.swift; path = FetchedResultsControllerUtilities.swift; sourceTree = "<group>"; };
		8E9A122A2328219E00947B33 /* Diary.xcdatamodel */ = {isa = PBXFileReference; lastKnownFileType = wrapper.xcdatamodel; path = Diary.xcdatamodel; sourceTree = "<group>"; };
		8ED3E5FC236B5C5F003D495E /* DiaryImageListViewController.swift */ = {isa = PBXFileReference; lastKnownFileType = sourcecode.swift; path = DiaryImageListViewController.swift; sourceTree = "<group>"; };
		8ED3E5FE236B5D5F003D495E /* DiaryImageListTableView.swift */ = {isa = PBXFileReference; lastKnownFileType = sourcecode.swift; path = DiaryImageListTableView.swift; sourceTree = "<group>"; };
		8ED3E600236C0681003D495E /* DiaryImageListTableViewCell.swift */ = {isa = PBXFileReference; lastKnownFileType = sourcecode.swift; path = DiaryImageListTableViewCell.swift; sourceTree = "<group>"; };
		8ED3E604236C124F003D495E /* DiaryImageListViewModel.swift */ = {isa = PBXFileReference; lastKnownFileType = sourcecode.swift; path = DiaryImageListViewModel.swift; sourceTree = "<group>"; };
		8ED3E606236C1419003D495E /* ImageDetailDisplayable.swift */ = {isa = PBXFileReference; lastKnownFileType = sourcecode.swift; path = ImageDetailDisplayable.swift; sourceTree = "<group>"; };
		8EDD2C2E23366E4400EB4738 /* CoreDataError.swift */ = {isa = PBXFileReference; lastKnownFileType = sourcecode.swift; path = CoreDataError.swift; sourceTree = "<group>"; };
		8EDD2C3323369E2200EB4738 /* DiaryListTableViewCell.swift */ = {isa = PBXFileReference; lastKnownFileType = sourcecode.swift; path = DiaryListTableViewCell.swift; sourceTree = "<group>"; };
		8EDD2C3423369E2200EB4738 /* DiaryListTableViewCell.xib */ = {isa = PBXFileReference; lastKnownFileType = file.xib; path = DiaryListTableViewCell.xib; sourceTree = "<group>"; };
/* End PBXFileReference section */

/* Begin PBXFrameworksBuildPhase section */
		8E7CB6A023281F1F00384D41 /* Frameworks */ = {
			isa = PBXFrameworksBuildPhase;
			buildActionMask = 2147483647;
			files = (
			);
			runOnlyForDeploymentPostprocessing = 0;
		};
/* End PBXFrameworksBuildPhase section */

/* Begin PBXGroup section */
		8E7CB69A23281F1F00384D41 = {
			isa = PBXGroup;
			children = (
				8E7CB6A523281F1F00384D41 /* Diary */,
				8E7CB6A423281F1F00384D41 /* Products */,
			);
			sourceTree = "<group>";
		};
		8E7CB6A423281F1F00384D41 /* Products */ = {
			isa = PBXGroup;
			children = (
				8E7CB6A323281F1F00384D41 /* Diary.app */,
			);
			name = Products;
			sourceTree = "<group>";
		};
		8E7CB6A523281F1F00384D41 /* Diary */ = {
			isa = PBXGroup;
			children = (
				8E99948523394FFD0022E28C /* Misc */,
				8E97CAFD23379A8C00458968 /* Common */,
				8EDD2C32233679D200EB4738 /* Detail */,
				8EDD2C31233679C800EB4738 /* List */,
				8EDD2C30233677A700EB4738 /* CoreData */,
				8E7CB6A623281F1F00384D41 /* AppDelegate.swift */,
				8E7CB6AA23281F1F00384D41 /* Main.storyboard */,
				8E7CB6AD23281F2200384D41 /* Assets.xcassets */,
				8E7CB6AF23281F2200384D41 /* LaunchScreen.storyboard */,
				8E7CB6B223281F2200384D41 /* Info.plist */,
				8E9A12292328219E00947B33 /* Diary.xcdatamodeld */,
			);
			path = Diary;
			sourceTree = "<group>";
		};
		8E97CAFD23379A8C00458968 /* Common */ = {
			isa = PBXGroup;
			children = (
				8E97CAFE23379AE600458968 /* DiaryUpdateViewController.swift */,
				8E9994832338E49F0022E28C /* DiaryUpdateBarButtonItemConfigurer.swift */,
				8E554E6D233B29C7004C8170 /* ViewControllerCoreDataHelper.swift */,
			);
			name = Common;
			sourceTree = "<group>";
		};
		8E99948523394FFD0022E28C /* Misc */ = {
			isa = PBXGroup;
			children = (
				8E9994862339505F0022E28C /* FetchedResultsControllerUtilities.swift */,
			);
			name = Misc;
			sourceTree = "<group>";
		};
		8EDD2C30233677A700EB4738 /* CoreData */ = {
			isa = PBXGroup;
			children = (
				8E97CAF323375A2700458968 /* Photo+CoreDataClass.swift */,
				8E97CAF423375A2700458968 /* Photo+CoreDataProperties.swift */,
				8E97CAF523375A2700458968 /* Diary+CoreDataClass.swift */,
				8E97CAF623375A2700458968 /* Diary+CoreDataProperties.swift */,
				8EDD2C2E23366E4400EB4738 /* CoreDataError.swift */,
			);
			name = CoreData;
			sourceTree = "<group>";
		};
		8EDD2C31233679C800EB4738 /* List */ = {
			isa = PBXGroup;
			children = (
				8E7CB6A823281F1F00384D41 /* ViewController.swift */,
				8EDD2C3323369E2200EB4738 /* DiaryListTableViewCell.swift */,
				8EDD2C3423369E2200EB4738 /* DiaryListTableViewCell.xib */,
				8E97CAF12336A9CC00458968 /* DiaryListTableView.swift */,
			);
			name = List;
			sourceTree = "<group>";
		};
		8EDD2C32233679D200EB4738 /* Detail */ = {
			isa = PBXGroup;
			children = (
				8E97CAFB2337726C00458968 /* DiaryDetailViewController.swift */,
				8E97CB002337D07F00458968 /* DiaryDetailViewController.xib */,
				8E5D5D012368BE97004DCD90 /* DiaryImagePreviewViewController.swift */,
				8E5D5D022368BE97004DCD90 /* DiaryImagePreviewViewController.xib */,
				8ED3E5FC236B5C5F003D495E /* DiaryImageListViewController.swift */,
				8ED3E5FE236B5D5F003D495E /* DiaryImageListTableView.swift */,
				8ED3E600236C0681003D495E /* DiaryImageListTableViewCell.swift */,
				8ED3E604236C124F003D495E /* DiaryImageListViewModel.swift */,
				8ED3E606236C1419003D495E /* ImageDetailDisplayable.swift */,
			);
			name = Detail;
			sourceTree = "<group>";
		};
/* End PBXGroup section */

/* Begin PBXNativeTarget section */
		8E7CB6A223281F1F00384D41 /* Diary */ = {
			isa = PBXNativeTarget;
			buildConfigurationList = 8E7CB6B523281F2200384D41 /* Build configuration list for PBXNativeTarget "Diary" */;
			buildPhases = (
				8E7CB69F23281F1F00384D41 /* Sources */,
				8E7CB6A023281F1F00384D41 /* Frameworks */,
				8E7CB6A123281F1F00384D41 /* Resources */,
			);
			buildRules = (
			);
			dependencies = (
			);
			name = Diary;
			productName = Diary;
			productReference = 8E7CB6A323281F1F00384D41 /* Diary.app */;
			productType = "com.apple.product-type.application";
		};
/* End PBXNativeTarget section */

/* Begin PBXProject section */
		8E7CB69B23281F1F00384D41 /* Project object */ = {
			isa = PBXProject;
			attributes = {
				LastSwiftUpdateCheck = 1020;
				LastUpgradeCheck = 1020;
				ORGANIZATIONNAME = Bharath;
				TargetAttributes = {
					8E7CB6A223281F1F00384D41 = {
						CreatedOnToolsVersion = 10.2.1;
					};
				};
			};
			buildConfigurationList = 8E7CB69E23281F1F00384D41 /* Build configuration list for PBXProject "Diary" */;
			compatibilityVersion = "Xcode 9.3";
			developmentRegion = en;
			hasScannedForEncodings = 0;
			knownRegions = (
				en,
				Base,
			);
			mainGroup = 8E7CB69A23281F1F00384D41;
			productRefGroup = 8E7CB6A423281F1F00384D41 /* Products */;
			projectDirPath = "";
			projectRoot = "";
			targets = (
				8E7CB6A223281F1F00384D41 /* Diary */,
			);
		};
/* End PBXProject section */

/* Begin PBXResourcesBuildPhase section */
		8E7CB6A123281F1F00384D41 /* Resources */ = {
			isa = PBXResourcesBuildPhase;
			buildActionMask = 2147483647;
			files = (
				8E7CB6B123281F2200384D41 /* LaunchScreen.storyboard in Resources */,
				8E5D5D042368BE97004DCD90 /* DiaryImagePreviewViewController.xib in Resources */,
				8E7CB6AE23281F2200384D41 /* Assets.xcassets in Resources */,
				8E97CB012337D07F00458968 /* DiaryDetailViewController.xib in Resources */,
				8E7CB6AC23281F1F00384D41 /* Main.storyboard in Resources */,
				8EDD2C3623369E2200EB4738 /* DiaryListTableViewCell.xib in Resources */,
			);
			runOnlyForDeploymentPostprocessing = 0;
		};
/* End PBXResourcesBuildPhase section */

/* Begin PBXSourcesBuildPhase section */
		8E7CB69F23281F1F00384D41 /* Sources */ = {
			isa = PBXSourcesBuildPhase;
			buildActionMask = 2147483647;
			files = (
				8E97CAF923375A2700458968 /* Diary+CoreDataClass.swift in Sources */,
				8E9A122B2328219E00947B33 /* Diary.xcdatamodeld in Sources */,
				8E97CAF723375A2700458968 /* Photo+CoreDataClass.swift in Sources */,
				8E9994872339505F0022E28C /* FetchedResultsControllerUtilities.swift in Sources */,
				8ED3E5FD236B5C5F003D495E /* DiaryImageListViewController.swift in Sources */,
				8E9994842338E49F0022E28C /* DiaryUpdateBarButtonItemConfigurer.swift in Sources */,
				8E554E6E233B29C7004C8170 /* ViewControllerCoreDataHelper.swift in Sources */,
				8E7CB6A923281F1F00384D41 /* ViewController.swift in Sources */,
				8ED3E602236C0681003D495E /* DiaryImageListTableViewCell.swift in Sources */,
				8E7CB6A723281F1F00384D41 /* AppDelegate.swift in Sources */,
				8E97CAFF23379AE600458968 /* DiaryUpdateViewController.swift in Sources */,
				8E97CAFA23375A2700458968 /* Diary+CoreDataProperties.swift in Sources */,
				8ED3E605236C124F003D495E /* DiaryImageListViewModel.swift in Sources */,
				8EDD2C3523369E2200EB4738 /* DiaryListTableViewCell.swift in Sources */,
				8EDD2C2F23366E4400EB4738 /* CoreDataError.swift in Sources */,
				8ED3E607236C1419003D495E /* ImageDetailDisplayable.swift in Sources */,
				8ED3E5FF236B5D5F003D495E /* DiaryImageListTableView.swift in Sources */,
				8E97CAF823375A2700458968 /* Photo+CoreDataProperties.swift in Sources */,
				8E5D5D032368BE97004DCD90 /* DiaryImagePreviewViewController.swift in Sources */,
				8E97CAFC2337726C00458968 /* DiaryDetailViewController.swift in Sources */,
				8E97CAF22336A9CC00458968 /* DiaryListTableView.swift in Sources */,
			);
			runOnlyForDeploymentPostprocessing = 0;
		};
/* End PBXSourcesBuildPhase section */

/* Begin PBXVariantGroup section */
		8E7CB6AA23281F1F00384D41 /* Main.storyboard */ = {
			isa = PBXVariantGroup;
			children = (
				8E7CB6AB23281F1F00384D41 /* Base */,
			);
			name = Main.storyboard;
			sourceTree = "<group>";
		};
		8E7CB6AF23281F2200384D41 /* LaunchScreen.storyboard */ = {
			isa = PBXVariantGroup;
			children = (
				8E7CB6B023281F2200384D41 /* Base */,
			);
			name = LaunchScreen.storyboard;
			sourceTree = "<group>";
		};
/* End PBXVariantGroup section */

/* Begin XCBuildConfiguration section */
		8E7CB6B323281F2200384D41 /* Debug */ = {
			isa = XCBuildConfiguration;
			buildSettings = {
				ALWAYS_SEARCH_USER_PATHS = NO;
				CLANG_ANALYZER_NONNULL = YES;
				CLANG_ANALYZER_NUMBER_OBJECT_CONVERSION = YES_AGGRESSIVE;
				CLANG_CXX_LANGUAGE_STANDARD = "gnu++14";
				CLANG_CXX_LIBRARY = "libc++";
				CLANG_ENABLE_MODULES = YES;
				CLANG_ENABLE_OBJC_ARC = YES;
				CLANG_ENABLE_OBJC_WEAK = YES;
				CLANG_WARN_BLOCK_CAPTURE_AUTORELEASING = YES;
				CLANG_WARN_BOOL_CONVERSION = YES;
				CLANG_WARN_COMMA = YES;
				CLANG_WARN_CONSTANT_CONVERSION = YES;
				CLANG_WARN_DEPRECATED_OBJC_IMPLEMENTATIONS = YES;
				CLANG_WARN_DIRECT_OBJC_ISA_USAGE = YES_ERROR;
				CLANG_WARN_DOCUMENTATION_COMMENTS = YES;
				CLANG_WARN_EMPTY_BODY = YES;
				CLANG_WARN_ENUM_CONVERSION = YES;
				CLANG_WARN_INFINITE_RECURSION = YES;
				CLANG_WARN_INT_CONVERSION = YES;
				CLANG_WARN_NON_LITERAL_NULL_CONVERSION = YES;
				CLANG_WARN_OBJC_IMPLICIT_RETAIN_SELF = YES;
				CLANG_WARN_OBJC_LITERAL_CONVERSION = YES;
				CLANG_WARN_OBJC_ROOT_CLASS = YES_ERROR;
				CLANG_WARN_RANGE_LOOP_ANALYSIS = YES;
				CLANG_WARN_STRICT_PROTOTYPES = YES;
				CLANG_WARN_SUSPICIOUS_MOVE = YES;
				CLANG_WARN_UNGUARDED_AVAILABILITY = YES_AGGRESSIVE;
				CLANG_WARN_UNREACHABLE_CODE = YES;
				CLANG_WARN__DUPLICATE_METHOD_MATCH = YES;
				CODE_SIGN_IDENTITY = "iPhone Developer";
				COPY_PHASE_STRIP = NO;
				DEBUG_INFORMATION_FORMAT = dwarf;
				ENABLE_STRICT_OBJC_MSGSEND = YES;
				ENABLE_TESTABILITY = YES;
				GCC_C_LANGUAGE_STANDARD = gnu11;
				GCC_DYNAMIC_NO_PIC = NO;
				GCC_NO_COMMON_BLOCKS = YES;
				GCC_OPTIMIZATION_LEVEL = 0;
				GCC_PREPROCESSOR_DEFINITIONS = (
					"DEBUG=1",
					"$(inherited)",
				);
				GCC_WARN_64_TO_32_BIT_CONVERSION = YES;
				GCC_WARN_ABOUT_RETURN_TYPE = YES_ERROR;
				GCC_WARN_UNDECLARED_SELECTOR = YES;
				GCC_WARN_UNINITIALIZED_AUTOS = YES_AGGRESSIVE;
				GCC_WARN_UNUSED_FUNCTION = YES;
				GCC_WARN_UNUSED_VARIABLE = YES;
				IPHONEOS_DEPLOYMENT_TARGET = 12.2;
				MTL_ENABLE_DEBUG_INFO = INCLUDE_SOURCE;
				MTL_FAST_MATH = YES;
				ONLY_ACTIVE_ARCH = YES;
				SDKROOT = iphoneos;
				SWIFT_ACTIVE_COMPILATION_CONDITIONS = DEBUG;
				SWIFT_OPTIMIZATION_LEVEL = "-Onone";
			};
			name = Debug;
		};
		8E7CB6B423281F2200384D41 /* Release */ = {
			isa = XCBuildConfiguration;
			buildSettings = {
				ALWAYS_SEARCH_USER_PATHS = NO;
				CLANG_ANALYZER_NONNULL = YES;
				CLANG_ANALYZER_NUMBER_OBJECT_CONVERSION = YES_AGGRESSIVE;
				CLANG_CXX_LANGUAGE_STANDARD = "gnu++14";
				CLANG_CXX_LIBRARY = "libc++";
				CLANG_ENABLE_MODULES = YES;
				CLANG_ENABLE_OBJC_ARC = YES;
				CLANG_ENABLE_OBJC_WEAK = YES;
				CLANG_WARN_BLOCK_CAPTURE_AUTORELEASING = YES;
				CLANG_WARN_BOOL_CONVERSION = YES;
				CLANG_WARN_COMMA = YES;
				CLANG_WARN_CONSTANT_CONVERSION = YES;
				CLANG_WARN_DEPRECATED_OBJC_IMPLEMENTATIONS = YES;
				CLANG_WARN_DIRECT_OBJC_ISA_USAGE = YES_ERROR;
				CLANG_WARN_DOCUMENTATION_COMMENTS = YES;
				CLANG_WARN_EMPTY_BODY = YES;
				CLANG_WARN_ENUM_CONVERSION = YES;
				CLANG_WARN_INFINITE_RECURSION = YES;
				CLANG_WARN_INT_CONVERSION = YES;
				CLANG_WARN_NON_LITERAL_NULL_CONVERSION = YES;
				CLANG_WARN_OBJC_IMPLICIT_RETAIN_SELF = YES;
				CLANG_WARN_OBJC_LITERAL_CONVERSION = YES;
				CLANG_WARN_OBJC_ROOT_CLASS = YES_ERROR;
				CLANG_WARN_RANGE_LOOP_ANALYSIS = YES;
				CLANG_WARN_STRICT_PROTOTYPES = YES;
				CLANG_WARN_SUSPICIOUS_MOVE = YES;
				CLANG_WARN_UNGUARDED_AVAILABILITY = YES_AGGRESSIVE;
				CLANG_WARN_UNREACHABLE_CODE = YES;
				CLANG_WARN__DUPLICATE_METHOD_MATCH = YES;
				CODE_SIGN_IDENTITY = "iPhone Developer";
				COPY_PHASE_STRIP = NO;
				DEBUG_INFORMATION_FORMAT = "dwarf-with-dsym";
				ENABLE_NS_ASSERTIONS = NO;
				ENABLE_STRICT_OBJC_MSGSEND = YES;
				GCC_C_LANGUAGE_STANDARD = gnu11;
				GCC_NO_COMMON_BLOCKS = YES;
				GCC_WARN_64_TO_32_BIT_CONVERSION = YES;
				GCC_WARN_ABOUT_RETURN_TYPE = YES_ERROR;
				GCC_WARN_UNDECLARED_SELECTOR = YES;
				GCC_WARN_UNINITIALIZED_AUTOS = YES_AGGRESSIVE;
				GCC_WARN_UNUSED_FUNCTION = YES;
				GCC_WARN_UNUSED_VARIABLE = YES;
				IPHONEOS_DEPLOYMENT_TARGET = 12.2;
				MTL_ENABLE_DEBUG_INFO = NO;
				MTL_FAST_MATH = YES;
				SDKROOT = iphoneos;
				SWIFT_COMPILATION_MODE = wholemodule;
				SWIFT_OPTIMIZATION_LEVEL = "-O";
				VALIDATE_PRODUCT = YES;
			};
			name = Release;
		};
		8E7CB6B623281F2200384D41 /* Debug */ = {
			isa = XCBuildConfiguration;
			buildSettings = {
				ASSETCATALOG_COMPILER_APPICON_NAME = AppIcon;
				CODE_SIGN_STYLE = Automatic;
				DEVELOPMENT_TEAM = 73CXK45F3F;
				INFOPLIST_FILE = Diary/Info.plist;
				LD_RUNPATH_SEARCH_PATHS = (
					"$(inherited)",
					"@executable_path/Frameworks",
				);
				PRODUCT_BUNDLE_IDENTIFIER = GunduApps.Diary;
				PRODUCT_NAME = "$(TARGET_NAME)";
				SWIFT_VERSION = 5.0;
				TARGETED_DEVICE_FAMILY = "1,2";
			};
			name = Debug;
		};
		8E7CB6B723281F2200384D41 /* Release */ = {
			isa = XCBuildConfiguration;
			buildSettings = {
				ASSETCATALOG_COMPILER_APPICON_NAME = AppIcon;
				CODE_SIGN_STYLE = Automatic;
				DEVELOPMENT_TEAM = 73CXK45F3F;
				INFOPLIST_FILE = Diary/Info.plist;
				LD_RUNPATH_SEARCH_PATHS = (
					"$(inherited)",
					"@executable_path/Frameworks",
				);
				PRODUCT_BUNDLE_IDENTIFIER = GunduApps.Diary;
				PRODUCT_NAME = "$(TARGET_NAME)";
				SWIFT_VERSION = 5.0;
				TARGETED_DEVICE_FAMILY = "1,2";
			};
			name = Release;
		};
/* End XCBuildConfiguration section */

/* Begin XCConfigurationList section */
		8E7CB69E23281F1F00384D41 /* Build configuration list for PBXProject "Diary" */ = {
			isa = XCConfigurationList;
			buildConfigurations = (
				8E7CB6B323281F2200384D41 /* Debug */,
				8E7CB6B423281F2200384D41 /* Release */,
			);
			defaultConfigurationIsVisible = 0;
			defaultConfigurationName = Release;
		};
		8E7CB6B523281F2200384D41 /* Build configuration list for PBXNativeTarget "Diary" */ = {
			isa = XCConfigurationList;
			buildConfigurations = (
				8E7CB6B623281F2200384D41 /* Debug */,
				8E7CB6B723281F2200384D41 /* Release */,
			);
			defaultConfigurationIsVisible = 0;
			defaultConfigurationName = Release;
		};
/* End XCConfigurationList section */

/* Begin XCVersionGroup section */
		8E9A12292328219E00947B33 /* Diary.xcdatamodeld */ = {
			isa = XCVersionGroup;
			children = (
				8E9A122A2328219E00947B33 /* Diary.xcdatamodel */,
			);
			currentVersion = 8E9A122A2328219E00947B33 /* Diary.xcdatamodel */;
			path = Diary.xcdatamodeld;
			sourceTree = "<group>";
			versionGroupType = wrapper.xcdatamodel;
		};
/* End XCVersionGroup section */
	};
	rootObject = 8E7CB69B23281F1F00384D41 /* Project object */;
}
